
Microsoft Visual Studio Solution File, Format Version 12.00
# Visual Studio Version 16
VisualStudioVersion = 16.0.31624.102
MinimumVisualStudioVersion = 10.0.40219.1
Project("{888888A0-9F3D-457C-B088-3A5042F75D52}") = "Rei", "Rei\Rei.pyproj", "{DC110769-49A4-4B07-908F-0B58521A32DD}"
EndProject
Global
	GlobalSection(SolutionConfigurationPlatforms) = preSolution
		Debug|Any CPU = Debug|Any CPU
		Release|Any CPU = Release|Any CPU
	EndGlobalSection
	GlobalSection(ProjectConfigurationPlatforms) = postSolution
		{DC110769-49A4-4B07-908F-0B58521A32DD}.Debug|Any CPU.ActiveCfg = Debug|Any CPU
		{DC110769-49A4-4B07-908F-0B58521A32DD}.Release|Any CPU.ActiveCfg = Release|Any CPU
	EndGlobalSection
	GlobalSection(SolutionProperties) = preSolution
		HideSolutionNode = FALSE
	EndGlobalSection
	GlobalSection(ExtensibilityGlobals) = postSolution
		SolutionGuid = {25BE3BBA-3045-40DF-A747-B7E8B3E5CEFF}
	EndGlobalSection
EndGlobal
